// !$*UTF8*$!
{
	archiveVersion = 1;
	classes = {
	};
	objectVersion = 56;
	objects = {

/* Begin PBXBuildFile section */
		487C8B642941699E003C98E8 /* AppDelegate.swift in Sources */ = {isa = PBXBuildFile; fileRef = 487C8B632941699E003C98E8 /* AppDelegate.swift */; };
		487C8B662941699E003C98E8 /* SceneDelegate.swift in Sources */ = {isa = PBXBuildFile; fileRef = 487C8B652941699E003C98E8 /* SceneDelegate.swift */; };
		487C8B682941699E003C98E8 /* ViewController.swift in Sources */ = {isa = PBXBuildFile; fileRef = 487C8B672941699E003C98E8 /* ViewController.swift */; };
		487C8B6B2941699E003C98E8 /* Main.storyboard in Resources */ = {isa = PBXBuildFile; fileRef = 487C8B692941699E003C98E8 /* Main.storyboard */; };
		487C8B6D294169A0003C98E8 /* Assets.xcassets in Resources */ = {isa = PBXBuildFile; fileRef = 487C8B6C294169A0003C98E8 /* Assets.xcassets */; };
		487C8B70294169A0003C98E8 /* LaunchScreen.storyboard in Resources */ = {isa = PBXBuildFile; fileRef = 487C8B6E294169A0003C98E8 /* LaunchScreen.storyboard */; };
		487C8B78294209BA003C98E8 /* QuestaoViewController.swift in Sources */ = {isa = PBXBuildFile; fileRef = 487C8B77294209BA003C98E8 /* QuestaoViewController.swift */; };
		487C8B7A29420F1A003C98E8 /* Questao.swift in Sources */ = {isa = PBXBuildFile; fileRef = 487C8B7929420F1A003C98E8 /* Questao.swift */; };
		487C8B7C2942187B003C98E8 /* DesempenhoViewController.swift in Sources */ = {isa = PBXBuildFile; fileRef = 487C8B7B2942187B003C98E8 /* DesempenhoViewController.swift */; };
		487C8B8029421C98003C98E8 /* Quiz.swift in Sources */ = {isa = PBXBuildFile; fileRef = 487C8B7F29421C98003C98E8 /* Quiz.swift */; };
/* End PBXBuildFile section */

/* Begin PBXFileReference section */
		487C8B602941699E003C98E8 /* iQuiz-iOS.app */ = {isa = PBXFileReference; explicitFileType = wrapper.application; includeInIndex = 0; path = "iQuiz-iOS.app"; sourceTree = BUILT_PRODUCTS_DIR; };
		487C8B632941699E003C98E8 /* AppDelegate.swift */ = {isa = PBXFileReference; lastKnownFileType = sourcecode.swift; path = AppDelegate.swift; sourceTree = "<group>"; };
		487C8B652941699E003C98E8 /* SceneDelegate.swift */ = {isa = PBXFileReference; lastKnownFileType = sourcecode.swift; path = SceneDelegate.swift; sourceTree = "<group>"; };
		487C8B672941699E003C98E8 /* ViewController.swift */ = {isa = PBXFileReference; lastKnownFileType = sourcecode.swift; path = ViewController.swift; sourceTree = "<group>"; };
		487C8B6A2941699E003C98E8 /* Base */ = {isa = PBXFileReference; lastKnownFileType = file.storyboard; name = Base; path = Base.lproj/Main.storyboard; sourceTree = "<group>"; };
		487C8B6C294169A0003C98E8 /* Assets.xcassets */ = {isa = PBXFileReference; lastKnownFileType = folder.assetcatalog; path = Assets.xcassets; sourceTree = "<group>"; };
		487C8B6F294169A0003C98E8 /* Base */ = {isa = PBXFileReference; lastKnownFileType = file.storyboard; name = Base; path = Base.lproj/LaunchScreen.storyboard; sourceTree = "<group>"; };
		487C8B71294169A0003C98E8 /* Info.plist */ = {isa = PBXFileReference; lastKnownFileType = text.plist.xml; path = Info.plist; sourceTree = "<group>"; };
		487C8B77294209BA003C98E8 /* QuestaoViewController.swift */ = {isa = PBXFileReference; lastKnownFileType = sourcecode.swift; path = QuestaoViewController.swift; sourceTree = "<group>"; };
		487C8B7929420F1A003C98E8 /* Questao.swift */ = {isa = PBXFileReference; lastKnownFileType = sourcecode.swift; path = Questao.swift; sourceTree = "<group>"; };
		487C8B7B2942187B003C98E8 /* DesempenhoViewController.swift */ = {isa = PBXFileReference; lastKnownFileType = sourcecode.swift; path = DesempenhoViewController.swift; sourceTree = "<group>"; };
		487C8B7F29421C98003C98E8 /* Quiz.swift */ = {isa = PBXFileReference; lastKnownFileType = sourcecode.swift; path = Quiz.swift; sourceTree = "<group>"; };
/* End PBXFileReference section */

/* Begin PBXFrameworksBuildPhase section */
		487C8B5D2941699E003C98E8 /* Frameworks */ = {
			isa = PBXFrameworksBuildPhase;
			buildActionMask = 2147483647;
			files = (
			);
			runOnlyForDeploymentPostprocessing = 0;
		};
/* End PBXFrameworksBuildPhase section */

/* Begin PBXGroup section */
		487C8B572941699E003C98E8 = {
			isa = PBXGroup;
			children = (
				487C8B622941699E003C98E8 /* iQuiz-iOS */,
				487C8B612941699E003C98E8 /* Products */,
			);
			sourceTree = "<group>";
		};
		487C8B612941699E003C98E8 /* Products */ = {
			isa = PBXGroup;
			children = (
				487C8B602941699E003C98E8 /* iQuiz-iOS.app */,
			);
			name = Products;
			sourceTree = "<group>";
		};
		487C8B622941699E003C98E8 /* iQuiz-iOS */ = {
			isa = PBXGroup;
			children = (
				487C8B7E29421C6E003C98E8 /* ViewController */,
				487C8B7D29421C68003C98E8 /* Model */,
				487C8B632941699E003C98E8 /* AppDelegate.swift */,
				487C8B652941699E003C98E8 /* SceneDelegate.swift */,
				487C8B692941699E003C98E8 /* Main.storyboard */,
				487C8B6C294169A0003C98E8 /* Assets.xcassets */,
				487C8B6E294169A0003C98E8 /* LaunchScreen.storyboard */,
				487C8B71294169A0003C98E8 /* Info.plist */,
			);
			path = "iQuiz-iOS";
			sourceTree = "<group>";
		};
		487C8B7D29421C68003C98E8 /* Model */ = {
			isa = PBXGroup;
			children = (
				487C8B7929420F1A003C98E8 /* Questao.swift */,
				487C8B7F29421C98003C98E8 /* Quiz.swift */,
			);
			path = Model;
			sourceTree = "<group>";
		};
		487C8B7E29421C6E003C98E8 /* ViewController */ = {
			isa = PBXGroup;
			children = (
				487C8B672941699E003C98E8 /* ViewController.swift */,
				487C8B77294209BA003C98E8 /* QuestaoViewController.swift */,
				487C8B7B2942187B003C98E8 /* DesempenhoViewController.swift */,
			);
			path = ViewController;
			sourceTree = "<group>";
		};
/* End PBXGroup section */

/* Begin PBXNativeTarget section */
		487C8B5F2941699E003C98E8 /* iQuiz-iOS */ = {
			isa = PBXNativeTarget;
			buildConfigurationList = 487C8B74294169A0003C98E8 /* Build configuration list for PBXNativeTarget "iQuiz-iOS" */;
			buildPhases = (
				487C8B5C2941699E003C98E8 /* Sources */,
				487C8B5D2941699E003C98E8 /* Frameworks */,
				487C8B5E2941699E003C98E8 /* Resources */,
			);
			buildRules = (
			);
			dependencies = (
			);
			name = "iQuiz-iOS";
			productName = "iQuiz-iOS";
			productReference = 487C8B602941699E003C98E8 /* iQuiz-iOS.app */;
			productType = "com.apple.product-type.application";
		};
/* End PBXNativeTarget section */

/* Begin PBXProject section */
		487C8B582941699E003C98E8 /* Project object */ = {
			isa = PBXProject;
			attributes = {
				BuildIndependentTargetsInParallel = 1;
				LastSwiftUpdateCheck = 1410;
				LastUpgradeCheck = 1410;
				TargetAttributes = {
					487C8B5F2941699E003C98E8 = {
						CreatedOnToolsVersion = 14.1;
					};
				};
			};
			buildConfigurationList = 487C8B5B2941699E003C98E8 /* Build configuration list for PBXProject "iQuiz-iOS" */;
			compatibilityVersion = "Xcode 14.0";
			developmentRegion = en;
			hasScannedForEncodings = 0;
			knownRegions = (
				en,
				Base,
			);
			mainGroup = 487C8B572941699E003C98E8;
			productRefGroup = 487C8B612941699E003C98E8 /* Products */;
			projectDirPath = "";
			projectRoot = "";
			targets = (
				487C8B5F2941699E003C98E8 /* iQuiz-iOS */,
			);
		};
/* End PBXProject section */

/* Begin PBXResourcesBuildPhase section */
		487C8B5E2941699E003C98E8 /* Resources */ = {
			isa = PBXResourcesBuildPhase;
			buildActionMask = 2147483647;
			files = (
				487C8B70294169A0003C98E8 /* LaunchScreen.storyboard in Resources */,
				487C8B6D294169A0003C98E8 /* Assets.xcassets in Resources */,
				487C8B6B2941699E003C98E8 /* Main.storyboard in Resources */,
			);
			runOnlyForDeploymentPostprocessing = 0;
		};
/* End PBXResourcesBuildPhase section */

/* Begin PBXSourcesBuildPhase section */
		487C8B5C2941699E003C98E8 /* Sources */ = {
			isa = PBXSourcesBuildPhase;
			buildActionMask = 2147483647;
			files = (
				487C8B682941699E003C98E8 /* ViewController.swift in Sources */,
				487C8B642941699E003C98E8 /* AppDelegate.swift in Sources */,
				487C8B8029421C98003C98E8 /* Quiz.swift in Sources */,
				487C8B662941699E003C98E8 /* SceneDelegate.swift in Sources */,
				487C8B7A29420F1A003C98E8 /* Questao.swift in Sources */,
				487C8B7C2942187B003C98E8 /* DesempenhoViewController.swift in Sources */,
				487C8B78294209BA003C98E8 /* QuestaoViewController.swift in Sources */,
			);
			runOnlyForDeploymentPostprocessing = 0;
		};
/* End PBXSourcesBuildPhase section */

/* Begin PBXVariantGroup section */
		487C8B692941699E003C98E8 /* Main.storyboard */ = {
			isa = PBXVariantGroup;
			children = (
				487C8B6A2941699E003C98E8 /* Base */,
			);
			name = Main.storyboard;
			sourceTree = "<group>";
		};
		487C8B6E294169A0003C98E8 /* LaunchScreen.storyboard */ = {
			isa = PBXVariantGroup;
			children = (
				487C8B6F294169A0003C98E8 /* Base */,
			);
			name = LaunchScreen.storyboard;
			sourceTree = "<group>";
		};
/* End PBXVariantGroup section */

/* Begin XCBuildConfiguration section */
		487C8B72294169A0003C98E8 /* Debug */ = {
			isa = XCBuildConfiguration;
			buildSettings = {
				ALWAYS_SEARCH_USER_PATHS = NO;
				CLANG_ANALYZER_NONNULL = YES;
				CLANG_ANALYZER_NUMBER_OBJECT_CONVERSION = YES_AGGRESSIVE;
				CLANG_CXX_LANGUAGE_STANDARD = "gnu++20";
				CLANG_ENABLE_MODULES = YES;
				CLANG_ENABLE_OBJC_ARC = YES;
				CLANG_ENABLE_OBJC_WEAK = YES;
				CLANG_WARN_BLOCK_CAPTURE_AUTORELEASING = YES;
				CLANG_WARN_BOOL_CONVERSION = YES;
				CLANG_WARN_COMMA = YES;
				CLANG_WARN_CONSTANT_CONVERSION = YES;
				CLANG_WARN_DEPRECATED_OBJC_IMPLEMENTATIONS = YES;
				CLANG_WARN_DIRECT_OBJC_ISA_USAGE = YES_ERROR;
				CLANG_WARN_DOCUMENTATION_COMMENTS = YES;
				CLANG_WARN_EMPTY_BODY = YES;
				CLANG_WARN_ENUM_CONVERSION = YES;
				CLANG_WARN_INFINITE_RECURSION = YES;
				CLANG_WARN_INT_CONVERSION = YES;
				CLANG_WARN_NON_LITERAL_NULL_CONVERSION = YES;
				CLANG_WARN_OBJC_IMPLICIT_RETAIN_SELF = YES;
				CLANG_WARN_OBJC_LITERAL_CONVERSION = YES;
				CLANG_WARN_OBJC_ROOT_CLASS = YES_ERROR;
				CLANG_WARN_QUOTED_INCLUDE_IN_FRAMEWORK_HEADER = YES;
				CLANG_WARN_RANGE_LOOP_ANALYSIS = YES;
				CLANG_WARN_STRICT_PROTOTYPES = YES;
				CLANG_WARN_SUSPICIOUS_MOVE = YES;
				CLANG_WARN_UNGUARDED_AVAILABILITY = YES_AGGRESSIVE;
				CLANG_WARN_UNREACHABLE_CODE = YES;
				CLANG_WARN__DUPLICATE_METHOD_MATCH = YES;
				COPY_PHASE_STRIP = NO;
				DEBUG_INFORMATION_FORMAT = dwarf;
				ENABLE_STRICT_OBJC_MSGSEND = YES;
				ENABLE_TESTABILITY = YES;
				GCC_C_LANGUAGE_STANDARD = gnu11;
				GCC_DYNAMIC_NO_PIC = NO;
				GCC_NO_COMMON_BLOCKS = YES;
				GCC_OPTIMIZATION_LEVEL = 0;
				GCC_PREPROCESSOR_DEFINITIONS = (
					"DEBUG=1",
					"$(inherited)",
				);
				GCC_WARN_64_TO_32_BIT_CONVERSION = YES;
				GCC_WARN_ABOUT_RETURN_TYPE = YES_ERROR;
				GCC_WARN_UNDECLARED_SELECTOR = YES;
				GCC_WARN_UNINITIALIZED_AUTOS = YES_AGGRESSIVE;
				GCC_WARN_UNUSED_FUNCTION = YES;
				GCC_WARN_UNUSED_VARIABLE = YES;
				IPHONEOS_DEPLOYMENT_TARGET = 16.1;
				MTL_ENABLE_DEBUG_INFO = INCLUDE_SOURCE;
				MTL_FAST_MATH = YES;
				ONLY_ACTIVE_ARCH = YES;
				SDKROOT = iphoneos;
				SWIFT_ACTIVE_COMPILATION_CONDITIONS = DEBUG;
				SWIFT_OPTIMIZATION_LEVEL = "-Onone";
			};
			name = Debug;
		};
		487C8B73294169A0003C98E8 /* Release */ = {
			isa = XCBuildConfiguration;
			buildSettings = {
				ALWAYS_SEARCH_USER_PATHS = NO;
				CLANG_ANALYZER_NONNULL = YES;
				CLANG_ANALYZER_NUMBER_OBJECT_CONVERSION = YES_AGGRESSIVE;
				CLANG_CXX_LANGUAGE_STANDARD = "gnu++20";
				CLANG_ENABLE_MODULES = YES;
				CLANG_ENABLE_OBJC_ARC = YES;
				CLANG_ENABLE_OBJC_WEAK = YES;
				CLANG_WARN_BLOCK_CAPTURE_AUTORELEASING = YES;
				CLANG_WARN_BOOL_CONVERSION = YES;
				CLANG_WARN_COMMA = YES;
				CLANG_WARN_CONSTANT_CONVERSION = YES;
				CLANG_WARN_DEPRECATED_OBJC_IMPLEMENTATIONS = YES;
				CLANG_WARN_DIRECT_OBJC_ISA_USAGE = YES_ERROR;
				CLANG_WARN_DOCUMENTATION_COMMENTS = YES;
				CLANG_WARN_EMPTY_BODY = YES;
				CLANG_WARN_ENUM_CONVERSION = YES;
				CLANG_WARN_INFINITE_RECURSION = YES;
				CLANG_WARN_INT_CONVERSION = YES;
				CLANG_WARN_NON_LITERAL_NULL_CONVERSION = YES;
				CLANG_WARN_OBJC_IMPLICIT_RETAIN_SELF = YES;
				CLANG_WARN_OBJC_LITERAL_CONVERSION = YES;
				CLANG_WARN_OBJC_ROOT_CLASS = YES_ERROR;
				CLANG_WARN_QUOTED_INCLUDE_IN_FRAMEWORK_HEADER = YES;
				CLANG_WARN_RANGE_LOOP_ANALYSIS = YES;
				CLANG_WARN_STRICT_PROTOTYPES = YES;
				CLANG_WARN_SUSPICIOUS_MOVE = YES;
				CLANG_WARN_UNGUARDED_AVAILABILITY = YES_AGGRESSIVE;
				CLANG_WARN_UNREACHABLE_CODE = YES;
				CLANG_WARN__DUPLICATE_METHOD_MATCH = YES;
				COPY_PHASE_STRIP = NO;
				DEBUG_INFORMATION_FORMAT = "dwarf-with-dsym";
				ENABLE_NS_ASSERTIONS = NO;
				ENABLE_STRICT_OBJC_MSGSEND = YES;
				GCC_C_LANGUAGE_STANDARD = gnu11;
				GCC_NO_COMMON_BLOCKS = YES;
				GCC_WARN_64_TO_32_BIT_CONVERSION = YES;
				GCC_WARN_ABOUT_RETURN_TYPE = YES_ERROR;
				GCC_WARN_UNDECLARED_SELECTOR = YES;
				GCC_WARN_UNINITIALIZED_AUTOS = YES_AGGRESSIVE;
				GCC_WARN_UNUSED_FUNCTION = YES;
				GCC_WARN_UNUSED_VARIABLE = YES;
				IPHONEOS_DEPLOYMENT_TARGET = 16.1;
				MTL_ENABLE_DEBUG_INFO = NO;
				MTL_FAST_MATH = YES;
				SDKROOT = iphoneos;
				SWIFT_COMPILATION_MODE = wholemodule;
				SWIFT_OPTIMIZATION_LEVEL = "-O";
				VALIDATE_PRODUCT = YES;
			};
			name = Release;
		};
		487C8B75294169A0003C98E8 /* Debug */ = {
			isa = XCBuildConfiguration;
			buildSettings = {
				ASSETCATALOG_COMPILER_APPICON_NAME = AppIcon;
				ASSETCATALOG_COMPILER_GLOBAL_ACCENT_COLOR_NAME = AccentColor;
				CODE_SIGN_STYLE = Automatic;
				CURRENT_PROJECT_VERSION = 1;
				DEVELOPMENT_TEAM = 4VMTKGDC5W;
				GENERATE_INFOPLIST_FILE = YES;
				INFOPLIST_FILE = "iQuiz-iOS/Info.plist";
				INFOPLIST_KEY_UIApplicationSupportsIndirectInputEvents = YES;
				INFOPLIST_KEY_UILaunchStoryboardName = LaunchScreen;
				INFOPLIST_KEY_UIMainStoryboardFile = Main;
				INFOPLIST_KEY_UISupportedInterfaceOrientations_iPad = "UIInterfaceOrientationPortrait UIInterfaceOrientationPortraitUpsideDown UIInterfaceOrientationLandscapeLeft UIInterfaceOrientationLandscapeRight";
				INFOPLIST_KEY_UISupportedInterfaceOrientations_iPhone = "UIInterfaceOrientationPortrait UIInterfaceOrientationLandscapeLeft UIInterfaceOrientationLandscapeRight";
				LD_RUNPATH_SEARCH_PATHS = (
					"$(inherited)",
					"@executable_path/Frameworks",
				);
				MARKETING_VERSION = 1.0;
				PRODUCT_BUNDLE_IDENTIFIER = "com.giovannamoeller.iQuiz-iOS";
				PRODUCT_NAME = "$(TARGET_NAME)";
				SWIFT_EMIT_LOC_STRINGS = YES;
				SWIFT_VERSION = 5.0;
				TARGETED_DEVICE_FAMILY = "1,2";
			};
			name = Debug;
		};
		487C8B76294169A0003C98E8 /* Release */ = {
			isa = XCBuildConfiguration;
			buildSettings = {
				ASSETCATALOG_COMPILER_APPICON_NAME = AppIcon;
				ASSETCATALOG_COMPILER_GLOBAL_ACCENT_COLOR_NAME = AccentColor;
				CODE_SIGN_STYLE = Automatic;
				CURRENT_PROJECT_VERSION = 1;
				DEVELOPMENT_TEAM = 4VMTKGDC5W;
				GENERATE_INFOPLIST_FILE = YES;
				INFOPLIST_FILE = "iQuiz-iOS/Info.plist";
				INFOPLIST_KEY_UIApplicationSupportsIndirectInputEvents = YES;
				INFOPLIST_KEY_UILaunchStoryboardName = LaunchScreen;
				INFOPLIST_KEY_UIMainStoryboardFile = Main;
				INFOPLIST_KEY_UISupportedInterfaceOrientations_iPad = "UIInterfaceOrientationPortrait UIInterfaceOrientationPortraitUpsideDown UIInterfaceOrientationLandscapeLeft UIInterfaceOrientationLandscapeRight";
				INFOPLIST_KEY_UISupportedInterfaceOrientations_iPhone = "UIInterfaceOrientationPortrait UIInterfaceOrientationLandscapeLeft UIInterfaceOrientationLandscapeRight";
				LD_RUNPATH_SEARCH_PATHS = (
					"$(inherited)",
					"@executable_path/Frameworks",
				);
				MARKETING_VERSION = 1.0;
				PRODUCT_BUNDLE_IDENTIFIER = "com.giovannamoeller.iQuiz-iOS";
				PRODUCT_NAME = "$(TARGET_NAME)";
				SWIFT_EMIT_LOC_STRINGS = YES;
				SWIFT_VERSION = 5.0;
				TARGETED_DEVICE_FAMILY = "1,2";
			};
			name = Release;
		};
/* End XCBuildConfiguration section */

/* Begin XCConfigurationList section */
		487C8B5B2941699E003C98E8 /* Build configuration list for PBXProject "iQuiz-iOS" */ = {
			isa = XCConfigurationList;
			buildConfigurations = (
				487C8B72294169A0003C98E8 /* Debug */,
				487C8B73294169A0003C98E8 /* Release */,
			);
			defaultConfigurationIsVisible = 0;
			defaultConfigurationName = Release;
		};
		487C8B74294169A0003C98E8 /* Build configuration list for PBXNativeTarget "iQuiz-iOS" */ = {
			isa = XCConfigurationList;
			buildConfigurations = (
				487C8B75294169A0003C98E8 /* Debug */,
				487C8B76294169A0003C98E8 /* Release */,
			);
			defaultConfigurationIsVisible = 0;
			defaultConfigurationName = Release;
		};
/* End XCConfigurationList section */
	};
	rootObject = 487C8B582941699E003C98E8 /* Project object */;
}
